// !$*UTF8*$!
{
	archiveVersion = 1;
	classes = {
	};
	objectVersion = 55;
	objects = {

/* Begin PBXBuildFile section */
		6C6713F328CA665E008D97C3 /* TechTask.docc in Sources */ = {isa = PBXBuildFile; fileRef = 6C6713F228CA665E008D97C3 /* TechTask.docc */; };
		6C6713F928CA665E008D97C3 /* TechTask.framework in Frameworks */ = {isa = PBXBuildFile; fileRef = 6C6713EE28CA665E008D97C3 /* TechTask.framework */; };
		6C6713FE28CA665E008D97C3 /* TechTaskTests.swift in Sources */ = {isa = PBXBuildFile; fileRef = 6C6713FD28CA665E008D97C3 /* TechTaskTests.swift */; };
		6C6713FF28CA665E008D97C3 /* TechTask.h in Headers */ = {isa = PBXBuildFile; fileRef = 6C6713F128CA665E008D97C3 /* TechTask.h */; settings = {ATTRIBUTES = (Public, ); }; };
		6C67140928CA668E008D97C3 /* StorageProvider.swift in Sources */ = {isa = PBXBuildFile; fileRef = 6C67140828CA668E008D97C3 /* StorageProvider.swift */; };
/* End PBXBuildFile section */

/* Begin PBXContainerItemProxy section */
		6C6713FA28CA665E008D97C3 /* PBXContainerItemProxy */ = {
			isa = PBXContainerItemProxy;
			containerPortal = 6C6713E528CA665E008D97C3 /* Project object */;
			proxyType = 1;
			remoteGlobalIDString = 6C6713ED28CA665E008D97C3;
			remoteInfo = TechTask;
		};
/* End PBXContainerItemProxy section */

/* Begin PBXFileReference section */
		6C6713EE28CA665E008D97C3 /* TechTask.framework */ = {isa = PBXFileReference; explicitFileType = wrapper.framework; includeInIndex = 0; path = TechTask.framework; sourceTree = BUILT_PRODUCTS_DIR; };
		6C6713F128CA665E008D97C3 /* TechTask.h */ = {isa = PBXFileReference; lastKnownFileType = sourcecode.c.h; path = TechTask.h; sourceTree = "<group>"; };
		6C6713F228CA665E008D97C3 /* TechTask.docc */ = {isa = PBXFileReference; lastKnownFileType = folder.documentationcatalog; path = TechTask.docc; sourceTree = "<group>"; };
		6C6713F828CA665E008D97C3 /* TechTaskTests.xctest */ = {isa = PBXFileReference; explicitFileType = wrapper.cfbundle; includeInIndex = 0; path = TechTaskTests.xctest; sourceTree = BUILT_PRODUCTS_DIR; };
		6C6713FD28CA665E008D97C3 /* TechTaskTests.swift */ = {isa = PBXFileReference; lastKnownFileType = sourcecode.swift; path = TechTaskTests.swift; sourceTree = "<group>"; };
		6C67140828CA668E008D97C3 /* StorageProvider.swift */ = {isa = PBXFileReference; lastKnownFileType = sourcecode.swift; path = StorageProvider.swift; sourceTree = "<group>"; };
/* End PBXFileReference section */

/* Begin PBXFrameworksBuildPhase section */
		6C6713EB28CA665E008D97C3 /* Frameworks */ = {
			isa = PBXFrameworksBuildPhase;
			buildActionMask = 2147483647;
			files = (
			);
			runOnlyForDeploymentPostprocessing = 0;
		};
		6C6713F528CA665E008D97C3 /* Frameworks */ = {
			isa = PBXFrameworksBuildPhase;
			buildActionMask = 2147483647;
			files = (
				6C6713F928CA665E008D97C3 /* TechTask.framework in Frameworks */,
			);
			runOnlyForDeploymentPostprocessing = 0;
		};
/* End PBXFrameworksBuildPhase section */

/* Begin PBXGroup section */
		6C6713E428CA665E008D97C3 = {
			isa = PBXGroup;
			children = (
				6C6713F028CA665E008D97C3 /* TechTask */,
				6C6713FC28CA665E008D97C3 /* TechTaskTests */,
				6C6713EF28CA665E008D97C3 /* Products */,
			);
			sourceTree = "<group>";
		};
		6C6713EF28CA665E008D97C3 /* Products */ = {
			isa = PBXGroup;
			children = (
				6C6713EE28CA665E008D97C3 /* TechTask.framework */,
				6C6713F828CA665E008D97C3 /* TechTaskTests.xctest */,
			);
			name = Products;
			sourceTree = "<group>";
		};
		6C6713F028CA665E008D97C3 /* TechTask */ = {
			isa = PBXGroup;
			children = (
				6C6713F128CA665E008D97C3 /* TechTask.h */,
				6C67140828CA668E008D97C3 /* StorageProvider.swift */,
				6C6713F228CA665E008D97C3 /* TechTask.docc */,
			);
			path = TechTask;
			sourceTree = "<group>";
		};
		6C6713FC28CA665E008D97C3 /* TechTaskTests */ = {
			isa = PBXGroup;
			children = (
				6C6713FD28CA665E008D97C3 /* TechTaskTests.swift */,
			);
			path = TechTaskTests;
			sourceTree = "<group>";
		};
/* End PBXGroup section */

/* Begin PBXHeadersBuildPhase section */
		6C6713E928CA665E008D97C3 /* Headers */ = {
			isa = PBXHeadersBuildPhase;
			buildActionMask = 2147483647;
			files = (
				6C6713FF28CA665E008D97C3 /* TechTask.h in Headers */,
			);
			runOnlyForDeploymentPostprocessing = 0;
		};
/* End PBXHeadersBuildPhase section */

/* Begin PBXNativeTarget section */
		6C6713ED28CA665E008D97C3 /* TechTask */ = {
			isa = PBXNativeTarget;
			buildConfigurationList = 6C67140228CA665E008D97C3 /* Build configuration list for PBXNativeTarget "TechTask" */;
			buildPhases = (
				6C6713E928CA665E008D97C3 /* Headers */,
				6C6713EA28CA665E008D97C3 /* Sources */,
				6C6713EB28CA665E008D97C3 /* Frameworks */,
				6C6713EC28CA665E008D97C3 /* Resources */,
			);
			buildRules = (
			);
			dependencies = (
			);
			name = TechTask;
			productName = TechTask;
			productReference = 6C6713EE28CA665E008D97C3 /* TechTask.framework */;
			productType = "com.apple.product-type.framework";
		};
		6C6713F728CA665E008D97C3 /* TechTaskTests */ = {
			isa = PBXNativeTarget;
			buildConfigurationList = 6C67140528CA665E008D97C3 /* Build configuration list for PBXNativeTarget "TechTaskTests" */;
			buildPhases = (
				6C6713F428CA665E008D97C3 /* Sources */,
				6C6713F528CA665E008D97C3 /* Frameworks */,
				6C6713F628CA665E008D97C3 /* Resources */,
			);
			buildRules = (
			);
			dependencies = (
				6C6713FB28CA665E008D97C3 /* PBXTargetDependency */,
			);
			name = TechTaskTests;
			productName = TechTaskTests;
			productReference = 6C6713F828CA665E008D97C3 /* TechTaskTests.xctest */;
			productType = "com.apple.product-type.bundle.unit-test";
		};
/* End PBXNativeTarget section */

/* Begin PBXProject section */
		6C6713E528CA665E008D97C3 /* Project object */ = {
			isa = PBXProject;
			attributes = {
				BuildIndependentTargetsInParallel = 1;
				LastSwiftUpdateCheck = 1340;
				LastUpgradeCheck = 1340;
				TargetAttributes = {
					6C6713ED28CA665E008D97C3 = {
						CreatedOnToolsVersion = 13.4.1;
					};
					6C6713F728CA665E008D97C3 = {
						CreatedOnToolsVersion = 13.4.1;
					};
				};
			};
			buildConfigurationList = 6C6713E828CA665E008D97C3 /* Build configuration list for PBXProject "TechTask" */;
			compatibilityVersion = "Xcode 13.0";
			developmentRegion = en;
			hasScannedForEncodings = 0;
			knownRegions = (
				en,
				Base,
			);
			mainGroup = 6C6713E428CA665E008D97C3;
			productRefGroup = 6C6713EF28CA665E008D97C3 /* Products */;
			projectDirPath = "";
			projectRoot = "";
			targets = (
				6C6713ED28CA665E008D97C3 /* TechTask */,
				6C6713F728CA665E008D97C3 /* TechTaskTests */,
			);
		};
/* End PBXProject section */

/* Begin PBXResourcesBuildPhase section */
		6C6713EC28CA665E008D97C3 /* Resources */ = {
			isa = PBXResourcesBuildPhase;
			buildActionMask = 2147483647;
			files = (
			);
			runOnlyForDeploymentPostprocessing = 0;
		};
		6C6713F628CA665E008D97C3 /* Resources */ = {
			isa = PBXResourcesBuildPhase;
			buildActionMask = 2147483647;
			files = (
			);
			runOnlyForDeploymentPostprocessing = 0;
		};
/* End PBXResourcesBuildPhase section */

/* Begin PBXSourcesBuildPhase section */
		6C6713EA28CA665E008D97C3 /* Sources */ = {
			isa = PBXSourcesBuildPhase;
			buildActionMask = 2147483647;
			files = (
				6C67140928CA668E008D97C3 /* StorageProvider.swift in Sources */,
				6C6713F328CA665E008D97C3 /* TechTask.docc in Sources */,
			);
			runOnlyForDeploymentPostprocessing = 0;
		};
		6C6713F428CA665E008D97C3 /* Sources */ = {
			isa = PBXSourcesBuildPhase;
			buildActionMask = 2147483647;
			files = (
				6C6713FE28CA665E008D97C3 /* TechTaskTests.swift in Sources */,
			);
			runOnlyForDeploymentPostprocessing = 0;
		};
/* End PBXSourcesBuildPhase section */

/* Begin PBXTargetDependency section */
		6C6713FB28CA665E008D97C3 /* PBXTargetDependency */ = {
			isa = PBXTargetDependency;
			target = 6C6713ED28CA665E008D97C3 /* TechTask */;
			targetProxy = 6C6713FA28CA665E008D97C3 /* PBXContainerItemProxy */;
		};
/* End PBXTargetDependency section */

/* Begin XCBuildConfiguration section */
		6C67140028CA665E008D97C3 /* Debug */ = {
			isa = XCBuildConfiguration;
			buildSettings = {
				ALWAYS_SEARCH_USER_PATHS = NO;
				CLANG_ANALYZER_NONNULL = YES;
				CLANG_ANALYZER_NUMBER_OBJECT_CONVERSION = YES_AGGRESSIVE;
				CLANG_CXX_LANGUAGE_STANDARD = "gnu++17";
				CLANG_ENABLE_MODULES = YES;
				CLANG_ENABLE_OBJC_ARC = YES;
				CLANG_ENABLE_OBJC_WEAK = YES;
				CLANG_WARN_BLOCK_CAPTURE_AUTORELEASING = YES;
				CLANG_WARN_BOOL_CONVERSION = YES;
				CLANG_WARN_COMMA = YES;
				CLANG_WARN_CONSTANT_CONVERSION = YES;
				CLANG_WARN_DEPRECATED_OBJC_IMPLEMENTATIONS = YES;
				CLANG_WARN_DIRECT_OBJC_ISA_USAGE = YES_ERROR;
				CLANG_WARN_DOCUMENTATION_COMMENTS = YES;
				CLANG_WARN_EMPTY_BODY = YES;
				CLANG_WARN_ENUM_CONVERSION = YES;
				CLANG_WARN_INFINITE_RECURSION = YES;
				CLANG_WARN_INT_CONVERSION = YES;
				CLANG_WARN_NON_LITERAL_NULL_CONVERSION = YES;
				CLANG_WARN_OBJC_IMPLICIT_RETAIN_SELF = YES;
				CLANG_WARN_OBJC_LITERAL_CONVERSION = YES;
				CLANG_WARN_OBJC_ROOT_CLASS = YES_ERROR;
				CLANG_WARN_QUOTED_INCLUDE_IN_FRAMEWORK_HEADER = YES;
				CLANG_WARN_RANGE_LOOP_ANALYSIS = YES;
				CLANG_WARN_STRICT_PROTOTYPES = YES;
				CLANG_WARN_SUSPICIOUS_MOVE = YES;
				CLANG_WARN_UNGUARDED_AVAILABILITY = YES_AGGRESSIVE;
				CLANG_WARN_UNREACHABLE_CODE = YES;
				CLANG_WARN__DUPLICATE_METHOD_MATCH = YES;
				COPY_PHASE_STRIP = NO;
				CURRENT_PROJECT_VERSION = 1;
				DEBUG_INFORMATION_FORMAT = dwarf;
				ENABLE_STRICT_OBJC_MSGSEND = YES;
				ENABLE_TESTABILITY = YES;
				GCC_C_LANGUAGE_STANDARD = gnu11;
				GCC_DYNAMIC_NO_PIC = NO;
				GCC_NO_COMMON_BLOCKS = YES;
				GCC_OPTIMIZATION_LEVEL = 0;
				GCC_PREPROCESSOR_DEFINITIONS = (
					"DEBUG=1",
					"$(inherited)",
				);
				GCC_WARN_64_TO_32_BIT_CONVERSION = YES;
				GCC_WARN_ABOUT_RETURN_TYPE = YES_ERROR;
				GCC_WARN_UNDECLARED_SELECTOR = YES;
				GCC_WARN_UNINITIALIZED_AUTOS = YES_AGGRESSIVE;
				GCC_WARN_UNUSED_FUNCTION = YES;
				GCC_WARN_UNUSED_VARIABLE = YES;
				IPHONEOS_DEPLOYMENT_TARGET = 15.5;
				MTL_ENABLE_DEBUG_INFO = INCLUDE_SOURCE;
				MTL_FAST_MATH = YES;
				ONLY_ACTIVE_ARCH = YES;
				SDKROOT = iphoneos;
				SWIFT_ACTIVE_COMPILATION_CONDITIONS = DEBUG;
				SWIFT_OPTIMIZATION_LEVEL = "-Onone";
				VERSIONING_SYSTEM = "apple-generic";
				VERSION_INFO_PREFIX = "";
			};
			name = Debug;
		};
		6C67140128CA665E008D97C3 /* Release */ = {
			isa = XCBuildConfiguration;
			buildSettings = {
				ALWAYS_SEARCH_USER_PATHS = NO;
				CLANG_ANALYZER_NONNULL = YES;
				CLANG_ANALYZER_NUMBER_OBJECT_CONVERSION = YES_AGGRESSIVE;
				CLANG_CXX_LANGUAGE_STANDARD = "gnu++17";
				CLANG_ENABLE_MODULES = YES;
				CLANG_ENABLE_OBJC_ARC = YES;
				CLANG_ENABLE_OBJC_WEAK = YES;
				CLANG_WARN_BLOCK_CAPTURE_AUTORELEASING = YES;
				CLANG_WARN_BOOL_CONVERSION = YES;
				CLANG_WARN_COMMA = YES;
				CLANG_WARN_CONSTANT_CONVERSION = YES;
				CLANG_WARN_DEPRECATED_OBJC_IMPLEMENTATIONS = YES;
				CLANG_WARN_DIRECT_OBJC_ISA_USAGE = YES_ERROR;
				CLANG_WARN_DOCUMENTATION_COMMENTS = YES;
				CLANG_WARN_EMPTY_BODY = YES;
				CLANG_WARN_ENUM_CONVERSION = YES;
				CLANG_WARN_INFINITE_RECURSION = YES;
				CLANG_WARN_INT_CONVERSION = YES;
				CLANG_WARN_NON_LITERAL_NULL_CONVERSION = YES;
				CLANG_WARN_OBJC_IMPLICIT_RETAIN_SELF = YES;
				CLANG_WARN_OBJC_LITERAL_CONVERSION = YES;
				CLANG_WARN_OBJC_ROOT_CLASS = YES_ERROR;
				CLANG_WARN_QUOTED_INCLUDE_IN_FRAMEWORK_HEADER = YES;
				CLANG_WARN_RANGE_LOOP_ANALYSIS = YES;
				CLANG_WARN_STRICT_PROTOTYPES = YES;
				CLANG_WARN_SUSPICIOUS_MOVE = YES;
				CLANG_WARN_UNGUARDED_AVAILABILITY = YES_AGGRESSIVE;
				CLANG_WARN_UNREACHABLE_CODE = YES;
				CLANG_WARN__DUPLICATE_METHOD_MATCH = YES;
				COPY_PHASE_STRIP = NO;
				CURRENT_PROJECT_VERSION = 1;
				DEBUG_INFORMATION_FORMAT = "dwarf-with-dsym";
				ENABLE_NS_ASSERTIONS = NO;
				ENABLE_STRICT_OBJC_MSGSEND = YES;
				GCC_C_LANGUAGE_STANDARD = gnu11;
				GCC_NO_COMMON_BLOCKS = YES;
				GCC_WARN_64_TO_32_BIT_CONVERSION = YES;
				GCC_WARN_ABOUT_RETURN_TYPE = YES_ERROR;
				GCC_WARN_UNDECLARED_SELECTOR = YES;
				GCC_WARN_UNINITIALIZED_AUTOS = YES_AGGRESSIVE;
				GCC_WARN_UNUSED_FUNCTION = YES;
				GCC_WARN_UNUSED_VARIABLE = YES;
				IPHONEOS_DEPLOYMENT_TARGET = 15.5;
				MTL_ENABLE_DEBUG_INFO = NO;
				MTL_FAST_MATH = YES;
				SDKROOT = iphoneos;
				SWIFT_COMPILATION_MODE = wholemodule;
				SWIFT_OPTIMIZATION_LEVEL = "-O";
				VALIDATE_PRODUCT = YES;
				VERSIONING_SYSTEM = "apple-generic";
				VERSION_INFO_PREFIX = "";
			};
			name = Release;
		};
		6C67140328CA665E008D97C3 /* Debug */ = {
			isa = XCBuildConfiguration;
			buildSettings = {
				CODE_SIGN_STYLE = Automatic;
				CURRENT_PROJECT_VERSION = 1;
				DEFINES_MODULE = YES;
				DEVELOPMENT_TEAM = BYS83TMS8Q;
				DYLIB_COMPATIBILITY_VERSION = 1;
				DYLIB_CURRENT_VERSION = 1;
				DYLIB_INSTALL_NAME_BASE = "@rpath";
				GENERATE_INFOPLIST_FILE = YES;
				INFOPLIST_KEY_NSHumanReadableCopyright = "";
				INSTALL_PATH = "$(LOCAL_LIBRARY_DIR)/Frameworks";
				LD_RUNPATH_SEARCH_PATHS = (
					"$(inherited)",
					"@executable_path/Frameworks",
					"@loader_path/Frameworks",
				);
				MARKETING_VERSION = 1.0;
				PRODUCT_BUNDLE_IDENTIFIER = IhnatievDima.TechTask;
				PRODUCT_NAME = "$(TARGET_NAME:c99extidentifier)";
				SKIP_INSTALL = YES;
				SWIFT_EMIT_LOC_STRINGS = YES;
				SWIFT_VERSION = 5.0;
				TARGETED_DEVICE_FAMILY = "1,2";
			};
			name = Debug;
		};
		6C67140428CA665E008D97C3 /* Release */ = {
			isa = XCBuildConfiguration;
			buildSettings = {
				CODE_SIGN_STYLE = Automatic;
				CURRENT_PROJECT_VERSION = 1;
				DEFINES_MODULE = YES;
				DEVELOPMENT_TEAM = BYS83TMS8Q;
				DYLIB_COMPATIBILITY_VERSION = 1;
				DYLIB_CURRENT_VERSION = 1;
				DYLIB_INSTALL_NAME_BASE = "@rpath";
				GENERATE_INFOPLIST_FILE = YES;
				INFOPLIST_KEY_NSHumanReadableCopyright = "";
				INSTALL_PATH = "$(LOCAL_LIBRARY_DIR)/Frameworks";
				LD_RUNPATH_SEARCH_PATHS = (
					"$(inherited)",
					"@executable_path/Frameworks",
					"@loader_path/Frameworks",
				);
				MARKETING_VERSION = 1.0;
				PRODUCT_BUNDLE_IDENTIFIER = IhnatievDima.TechTask;
				PRODUCT_NAME = "$(TARGET_NAME:c99extidentifier)";
				SKIP_INSTALL = YES;
				SWIFT_EMIT_LOC_STRINGS = YES;
				SWIFT_VERSION = 5.0;
				TARGETED_DEVICE_FAMILY = "1,2";
			};
			name = Release;
		};
		6C67140628CA665E008D97C3 /* Debug */ = {
			isa = XCBuildConfiguration;
			buildSettings = {
				ALWAYS_EMBED_SWIFT_STANDARD_LIBRARIES = YES;
				CODE_SIGN_STYLE = Automatic;
				CURRENT_PROJECT_VERSION = 1;
				DEVELOPMENT_TEAM = BYS83TMS8Q;
				GENERATE_INFOPLIST_FILE = YES;
				MARKETING_VERSION = 1.0;
				PRODUCT_BUNDLE_IDENTIFIER = IhnatievDima.TechTaskTests;
				PRODUCT_NAME = "$(TARGET_NAME)";
				SWIFT_EMIT_LOC_STRINGS = NO;
				SWIFT_VERSION = 5.0;
				TARGETED_DEVICE_FAMILY = "1,2";
			};
			name = Debug;
		};
		6C67140728CA665E008D97C3 /* Release */ = {
			isa = XCBuildConfiguration;
			buildSettings = {
				ALWAYS_EMBED_SWIFT_STANDARD_LIBRARIES = YES;
				CODE_SIGN_STYLE = Automatic;
				CURRENT_PROJECT_VERSION = 1;
				DEVELOPMENT_TEAM = BYS83TMS8Q;
				GENERATE_INFOPLIST_FILE = YES;
				MARKETING_VERSION = 1.0;
				PRODUCT_BUNDLE_IDENTIFIER = IhnatievDima.TechTaskTests;
				PRODUCT_NAME = "$(TARGET_NAME)";
				SWIFT_EMIT_LOC_STRINGS = NO;
				SWIFT_VERSION = 5.0;
				TARGETED_DEVICE_FAMILY = "1,2";
			};
			name = Release;
		};
/* End XCBuildConfiguration section */

/* Begin XCConfigurationList section */
		6C6713E828CA665E008D97C3 /* Build configuration list for PBXProject "TechTask" */ = {
			isa = XCConfigurationList;
			buildConfigurations = (
				6C67140028CA665E008D97C3 /* Debug */,
				6C67140128CA665E008D97C3 /* Release */,
			);
			defaultConfigurationIsVisible = 0;
			defaultConfigurationName = Release;
		};
		6C67140228CA665E008D97C3 /* Build configuration list for PBXNativeTarget "TechTask" */ = {
			isa = XCConfigurationList;
			buildConfigurations = (
				6C67140328CA665E008D97C3 /* Debug */,
				6C67140428CA665E008D97C3 /* Release */,
			);
			defaultConfigurationIsVisible = 0;
			defaultConfigurationName = Release;
		};
		6C67140528CA665E008D97C3 /* Build configuration list for PBXNativeTarget "TechTaskTests" */ = {
			isa = XCConfigurationList;
			buildConfigurations = (
				6C67140628CA665E008D97C3 /* Debug */,
				6C67140728CA665E008D97C3 /* Release */,
			);
			defaultConfigurationIsVisible = 0;
			defaultConfigurationName = Release;
		};
/* End XCConfigurationList section */
	};
	rootObject = 6C6713E528CA665E008D97C3 /* Project object */;
}
